<?xml version="1.0" encoding="utf-8"?>
<Project ToolsVersion="4.0" xmlns="http://schemas.microsoft.com/developer/msbuild/2003">
  <ItemGroup>
    <Filter Include="Source Files">
      <UniqueIdentifier>{4FC737F1-C7A5-4376-A066-2A32D752A2FF}</UniqueIdentifier>
      <Extensions>cpp;c;cc;cxx;def;odl;idl;hpj;bat;asm;asmx</Extensions>
    </Filter>
    <Filter Include="Header Files">
      <UniqueIdentifier>{93995380-89BD-4b04-88EB-625FBE52EBFB}</UniqueIdentifier>
      <Extensions>h;hh;hpp;hxx;hm;inl;inc;xsd</Extensions>
    </Filter>
    <Filter Include="Resource Files">
      <UniqueIdentifier>{67DA6AB6-F800-4c08-8B7A-83BB121AAD01}</UniqueIdentifier>
      <Extensions>rc;ico;cur;bmp;dlg;rc2;rct;bin;rgs;gif;jpg;jpeg;jpe;resx;tiff;tif;png;wav;mfcribbon-ms</Extensions>
    </Filter>
    <Filter Include="Header Files\Math">
      <UniqueIdentifier>{a0978e50-b693-4109-9029-a8b1376d9e82}</UniqueIdentifier>
    </Filter>
    <Filter Include="Source Files\Math">
      <UniqueIdentifier>{5aa76cbb-c27a-4c5d-b686-8d7f811f7ba0}</UniqueIdentifier>
    </Filter>
    <Filter Include="Header Files\Objects">
      <UniqueIdentifier>{321d387b-25c3-4d16-bf9a-9abc6ce09d36}</UniqueIdentifier>
    </Filter>
    <Filter Include="Source Files\Objects">
      <UniqueIdentifier>{473a3aad-053b-433e-9728-a8d2290a737e}</UniqueIdentifier>
    </Filter>
    <Filter Include="Source Files\Events">
      <UniqueIdentifier>{2a5aa402-fb69-4b06-a21f-54e52852c355}</UniqueIdentifier>
    </Filter>
    <Filter Include="Header Files\Events">
      <UniqueIdentifier>{52585e1b-3e29-43e8-8f72-25ca981f583c}</UniqueIdentifier>
    </Filter>
    <Filter Include="Source Files\Resources">
      <UniqueIdentifier>{25f84dcf-8e57-4031-9ba2-c7f81afdf662}</UniqueIdentifier>
    </Filter>
    <Filter Include="Header Files\Resources">
      <UniqueIdentifier>{01dd154e-9861-472b-bfe8-2a1279234ca5}</UniqueIdentifier>
    </Filter>
    <Filter Include="Source Files\GUI">
      <UniqueIdentifier>{cb218c98-5e5f-4789-b549-cbc2b04a00d0}</UniqueIdentifier>
    </Filter>
    <Filter Include="Header Files\GUI">
      <UniqueIdentifier>{580904c6-f07a-422c-b670-d24fd9b1ff4a}</UniqueIdentifier>
    </Filter>
    <Filter Include="Source Files\Core">
      <UniqueIdentifier>{eeca4c8d-f2a7-4468-b362-ac67b9fd80a9}</UniqueIdentifier>
    </Filter>
    <Filter Include="Header Files\Core">
      <UniqueIdentifier>{43efbd2a-e76b-4c29-acd1-0749314ef00d}</UniqueIdentifier>
    </Filter>
  </ItemGroup>
  <ItemGroup>
    <ClCompile Include="main.cpp">
      <Filter>Source Files</Filter>
    </ClCompile>
    <ClCompile Include="math\HAxisAlignedBox.cpp">
      <Filter>Source Files\Math</Filter>
    </ClCompile>
    <ClCompile Include="math\HMath.cpp">
      <Filter>Source Files\Math</Filter>
    </ClCompile>
    <ClCompile Include="math\HMatrix3.cpp">
      <Filter>Source Files\Math</Filter>
    </ClCompile>
    <ClCompile Include="math\HMatrix4.cpp">
      <Filter>Source Files\Math</Filter>
    </ClCompile>
    <ClCompile Include="math\HPlane.cpp">
      <Filter>Source Files\Math</Filter>
    </ClCompile>
    <ClCompile Include="math\HQuaternion.cpp">
      <Filter>Source Files\Math</Filter>
    </ClCompile>
    <ClCompile Include="math\HVector3.cpp">
      <Filter>Source Files\Math</Filter>
    </ClCompile>
    <ClCompile Include="objects\Window.cpp">
      <Filter>Source Files\Objects</Filter>
    </ClCompile>
    <ClCompile Include="objects\SceneManager.cpp">
      <Filter>Source Files\Objects</Filter>
    </ClCompile>
    <ClCompile Include="objects\Viewport.cpp">
      <Filter>Source Files\Objects</Filter>
    </ClCompile>
    <ClCompile Include="events\SceneManagerEvent.cpp">
      <Filter>Source Files\Events</Filter>
    </ClCompile>
    <ClCompile Include="events\InputEvent.cpp">
      <Filter>Source Files\Events</Filter>
    </ClCompile>
    <ClCompile Include="events\WindowEvent.cpp">
      <Filter>Source Files\Events</Filter>
    </ClCompile>
    <ClCompile Include="Entity.cpp">
      <Filter>Source Files\Objects</Filter>
    </ClCompile>
    <ClCompile Include="ObjectFactory.cpp">
      <Filter>Source Files\Objects</Filter>
    </ClCompile>
    <ClCompile Include="EventReceiver.cpp">
      <Filter>Source Files\Events</Filter>
    </ClCompile>
    <ClCompile Include="ResourceManager.cpp">
      <Filter>Source Files\Resources</Filter>
    </ClCompile>
    <ClCompile Include="CFODocument.cpp">
      <Filter>Source Files\Core</Filter>
    </ClCompile>
    <ClCompile Include="Renderer.cpp">
      <Filter>Source Files\Core</Filter>
    </ClCompile>
    <ClCompile Include="Serial.cpp">
      <Filter>Source Files\Core</Filter>
    </ClCompile>
    <ClCompile Include="HColor.cpp">
      <Filter>Source Files\Math</Filter>
    </ClCompile>
    <ClCompile Include="Triangulation.cpp">
      <Filter>Source Files\Math</Filter>
    </ClCompile>
    <ClCompile Include="TrueTypeFont.cpp">
      <Filter>Source Files\Resources</Filter>
    </ClCompile>
    <ClCompile Include="gui\GUIButton.cpp">
      <Filter>Source Files\GUI</Filter>
    </ClCompile>
    <ClCompile Include="gui\GUIEntity.cpp">
      <Filter>Source Files\GUI</Filter>
    </ClCompile>
    <ClCompile Include="gui\GUIList.cpp">
      <Filter>Source Files\GUI</Filter>
    </ClCompile>
    <ClCompile Include="gui\GUIListItem.cpp">
      <Filter>Source Files\GUI</Filter>
    </ClCompile>
    <ClCompile Include="gui\GUIRenderable.cpp">
      <Filter>Source Files\GUI</Filter>
    </ClCompile>
    <ClCompile Include="gui\GUISlider.cpp">
      <Filter>Source Files\GUI</Filter>
    </ClCompile>
    <ClCompile Include="gui\GUIText.cpp">
      <Filter>Source Files\GUI</Filter>
    </ClCompile>
    <ClCompile Include="gui\GUIViewport.cpp">
      <Filter>Source Files\GUI</Filter>
    </ClCompile>
    <ClCompile Include="gui\GUIWindow.cpp">
      <Filter>Source Files\GUI</Filter>
    </ClCompile>
    <ClCompile Include="gui\GUIInputEvent.cpp">
      <Filter>Source Files\Events</Filter>
    </ClCompile>
    <ClCompile Include="gui\GUIEvent.cpp">
      <Filter>Source Files\Events</Filter>
    </ClCompile>
    <ClCompile Include="gui\GUIStyleResource.cpp">
      <Filter>Source Files\Resources</Filter>
    </ClCompile>
    <ClCompile Include="gui\GUILayer.cpp">
      <Filter>Source Files\GUI</Filter>
    </ClCompile>
    <ClCompile Include="gui\GUITextInput.cpp">
      <Filter>Source Files\GUI</Filter>
    </ClCompile>
    <ClCompile Include="gui\GUIGraph.cpp">
      <Filter>Source Files\GUI</Filter>
    </ClCompile>
    <ClCompile Include="gui\GUIStyle.cpp">
      <Filter>Source Files\GUI</Filter>
    </ClCompile>
    <ClCompile Include="Interface.cpp">
      <Filter>Source Files\Objects</Filter>
    </ClCompile>
    <ClCompile Include="gui\GUIWings.cpp">
      <Filter>Source Files\GUI</Filter>
    </ClCompile>
    <ClCompile Include="gui\GUIColorPicker.cpp">
      <Filter>Source Files\GUI</Filter>
    </ClCompile>
    <ClCompile Include="BasicSerial.cpp">
      <Filter>Source Files\Objects</Filter>
    </ClCompile>
    <ClCompile Include="WingKeyframesResource.cpp">
      <Filter>Source Files\Resources</Filter>
    </ClCompile>
  </ItemGroup>
  <ItemGroup>
    <ClInclude Include="math\HAxisAlignedBox.h">
      <Filter>Header Files\Math</Filter>
    </ClInclude>
    <ClInclude Include="math\HColor.h">
      <Filter>Header Files\Math</Filter>
    </ClInclude>
    <ClInclude Include="math\HMath.h">
      <Filter>Header Files\Math</Filter>
    </ClInclude>
    <ClInclude Include="math\HMathLib.h">
      <Filter>Header Files\Math</Filter>
    </ClInclude>
    <ClInclude Include="math\HMatrix2.h">
      <Filter>Header Files\Math</Filter>
    </ClInclude>
    <ClInclude Include="math\HMatrix3.h">
      <Filter>Header Files\Math</Filter>
    </ClInclude>
    <ClInclude Include="math\HMatrix4.h">
      <Filter>Header Files\Math</Filter>
    </ClInclude>
    <ClInclude Include="math\HPlane.h">
      <Filter>Header Files\Math</Filter>
    </ClInclude>
    <ClInclude Include="math\HPrerequisites.h">
      <Filter>Header Files\Math</Filter>
    </ClInclude>
    <ClInclude Include="math\HQuaternion.h">
      <Filter>Header Files\Math</Filter>
    </ClInclude>
    <ClInclude Include="math\HRay.h">
      <Filter>Header Files\Math</Filter>
    </ClInclude>
    <ClInclude Include="math\HSphere.h">
      <Filter>Header Files\Math</Filter>
    </ClInclude>
    <ClInclude Include="math\HVector2.h">
      <Filter>Header Files\Math</Filter>
    </ClInclude>
    <ClInclude Include="math\HVector3.h">
      <Filter>Header Files\Math</Filter>
    </ClInclude>
    <ClInclude Include="math\HVector4.h">
      <Filter>Header Files\Math</Filter>
    </ClInclude>
    <ClInclude Include="objects\Window.h">
      <Filter>Header Files\Objects</Filter>
    </ClInclude>
    <ClInclude Include="objects\SceneManager.h">
      <Filter>Header Files\Objects</Filter>
    </ClInclude>
    <ClInclude Include="objects\Viewport.h">
      <Filter>Header Files\Objects</Filter>
    </ClInclude>
    <ClInclude Include="events\SceneManagerEvent.h">
      <Filter>Header Files\Events</Filter>
    </ClInclude>
    <ClInclude Include="events\InputEvent.h">
      <Filter>Header Files\Events</Filter>
    </ClInclude>
    <ClInclude Include="events\WindowEvent.h">
      <Filter>Header Files\Events</Filter>
    </ClInclude>
    <ClInclude Include="Entity.h">
      <Filter>Header Files\Objects</Filter>
    </ClInclude>
    <ClInclude Include="ObjectFactory.h">
      <Filter>Header Files\Objects</Filter>
    </ClInclude>
    <ClInclude Include="EventReceiver.h">
      <Filter>Header Files\Events</Filter>
    </ClInclude>
    <ClInclude Include="ResourceManager.h">
      <Filter>Header Files\Resources</Filter>
    </ClInclude>
    <ClInclude Include="Renderer.h">
      <Filter>Header Files\Core</Filter>
    </ClInclude>
    <ClInclude Include="StringUtils.h">
      <Filter>Header Files\Core</Filter>
    </ClInclude>
    <ClInclude Include="Serial.h">
      <Filter>Header Files\Core</Filter>
    </ClInclude>
    <ClInclude Include="Geo4.h">
      <Filter>Header Files\Core</Filter>
    </ClInclude>
    <ClInclude Include="CFODocument.h">
      <Filter>Header Files\Core</Filter>
    </ClInclude>
    <ClInclude Include="Triangulation.h">
      <Filter>Header Files\Math</Filter>
    </ClInclude>
    <ClInclude Include="TrueTypeFont.h">
      <Filter>Header Files\Resources</Filter>
    </ClInclude>
    <ClInclude Include="gui\GUIWindow.h">
      <Filter>Header Files\GUI</Filter>
    </ClInclude>
    <ClInclude Include="gui\GUIViewport.h">
      <Filter>Header Files\GUI</Filter>
    </ClInclude>
    <ClInclude Include="gui\GUIText.h">
      <Filter>Header Files\GUI</Filter>
    </ClInclude>
    <ClInclude Include="gui\GUISlider.h">
      <Filter>Header Files\GUI</Filter>
    </ClInclude>
    <ClInclude Include="gui\GUIRenderable.h">
      <Filter>Header Files\GUI</Filter>
    </ClInclude>
    <ClInclude Include="gui\GUIListItem.h">
      <Filter>Header Files\GUI</Filter>
    </ClInclude>
    <ClInclude Include="gui\GUIList.h">
      <Filter>Header Files\GUI</Filter>
    </ClInclude>
    <ClInclude Include="gui\GUIEntity.h">
      <Filter>Header Files\GUI</Filter>
    </ClInclude>
    <ClInclude Include="gui\GUIButton.h">
      <Filter>Header Files\GUI</Filter>
    </ClInclude>
    <ClInclude Include="gui\GUIInputEvent.h">
      <Filter>Header Files\Events</Filter>
    </ClInclude>
    <ClInclude Include="gui\GUIEvent.h">
      <Filter>Header Files\Events</Filter>
    </ClInclude>
    <ClInclude Include="gui\GUIStyleResource.h">
      <Filter>Header Files\Resources</Filter>
    </ClInclude>
    <ClInclude Include="gui\GUILayer.h">
      <Filter>Header Files\GUI</Filter>
    </ClInclude>
    <ClInclude Include="DataPacketParse.h">
      <Filter>Header Files\Core</Filter>
    </ClInclude>
    <ClInclude Include="DataPacketRequest.h">
      <Filter>Header Files\Core</Filter>
    </ClInclude>
    <ClInclude Include="gui\GUITextInput.h">
      <Filter>Header Files\GUI</Filter>
    </ClInclude>
    <ClInclude Include="gui\GUIGraph.h">
      <Filter>Header Files\GUI</Filter>
    </ClInclude>
    <ClInclude Include="gui\GUIStyle.h">
      <Filter>Header Files\GUI</Filter>
    </ClInclude>
    <ClInclude Include="Interface.h">
      <Filter>Header Files\Objects</Filter>
    </ClInclude>
    <ClInclude Include="gui\GUIWings.h">
      <Filter>Header Files\GUI</Filter>
    </ClInclude>
    <ClInclude Include="gui\GUIColorPicker.h">
      <Filter>Header Files\GUI</Filter>
    </ClInclude>
    <ClInclude Include="BasicSerial.h">
      <Filter>Header Files\Objects</Filter>
    </ClInclude>
    <ClInclude Include="WingKeyframesResource.h">
      <Filter>Header Files\Resources</Filter>
    </ClInclude>
  </ItemGroup>
</Project>